github.com/hashicorp/golang-lru v0.5.1 h1:0hERBMJE1eitiLkihrMvRVBYAkpHzc/J3QdDN+dAcgU=
github.com/hashicorp/golang-lru v0.5.1/go.mod h1:/m3WP610KZHVQ1SGc6re/UDhFvYD7pJ4Ao+sR/qLZy8=
github.com/mozilla/CCADB-Tools v0.0.0-20190429184255-bb0b87144873 h1:j5JL1onY78AtjTy0B7deSVZb79YsU1Dx86n5YJSJlOg=
github.com/mozilla/OneCRL-Tools v0.0.0-20190430002140-4c8e8b4a2697 h1:+270aFdWBSjkh7+pbR77DIVDCYtabB44lVzalEBI5KU=
github.com/mozilla/OneCRL-Tools v0.0.0-20190430002140-4c8e8b4a2697/go.mod h1:ayLJla+tv168dLVSaBmwAixdm7EXM1im4DotOT6unl8=
github.com/throttled/throttled v2.2.4+incompatible h1:aVKdoH/qT5Mo1Lm/678OkX2pFg7aRpHlTn1tfgaSKxs=
github.com/throttled/throttled v2.2.4+incompatible/go.mod h1:0BjlrEGQmvxps+HuXLsyRdqpSRvJpq0PNIsOtqP9Nos=
