github.com/gocarina/gocsv v0.0.0-20230616125104-99d496ca653d h1:KbPOUXFUDJxwZ04vbmDOc3yuruGvVO+LOa7cVER3yWw=
github.com/gocarina/gocsv v0.0.0-20230616125104-99d496ca653d/go.mod h1:5YoVOkjYAQumqlV356Hj3xeYh4BdZuLE0/nRkf2NKkI=
github.com/lib/pq v1.10.9 h1:YXG7RB+JIjhP29X+OtkiDnYaXQwpS4JEWq7dtCCRUEw=
github.com/lib/pq v1.10.9/go.mod h1:AlVN5x4E4T544tWzH6hKfbfQvm3HdbOxrmggDNAPY9o=
